
Microsoft Visual Studio Solution File, Format Version 12.00
# Visual Studio Version 16
VisualStudioVersion = 16.0.31005.135
MinimumVisualStudioVersion = 10.0.40219.1
Project("{FAE04EC0-301F-11D3-BF4B-00C04F79EFBC}") = "Modul_3_Task_3", "Modul_3_Task_3\Modul_3_Task_3.csproj", "{CC8EF9B4-585A-4D64-BCCB-01700C370F47}"
EndProject
Global
	GlobalSection(SolutionConfigurationPlatforms) = preSolution
		Debug|Any CPU = Debug|Any CPU
		Release|Any CPU = Release|Any CPU
	EndGlobalSection
	GlobalSection(ProjectConfigurationPlatforms) = postSolution
		{CC8EF9B4-585A-4D64-BCCB-01700C370F47}.Debug|Any CPU.ActiveCfg = Debug|Any CPU
		{CC8EF9B4-585A-4D64-BCCB-01700C370F47}.Debug|Any CPU.Build.0 = Debug|Any CPU
		{CC8EF9B4-585A-4D64-BCCB-01700C370F47}.Release|Any CPU.ActiveCfg = Release|Any CPU
		{CC8EF9B4-585A-4D64-BCCB-01700C370F47}.Release|Any CPU.Build.0 = Release|Any CPU
	EndGlobalSection
	GlobalSection(SolutionProperties) = preSolution
		HideSolutionNode = FALSE
	EndGlobalSection
	GlobalSection(ExtensibilityGlobals) = postSolution
		SolutionGuid = {C0737E87-649A-4DE3-8D9F-1FD25D3F3C0E}
	EndGlobalSection
EndGlobal
